{
  "requires": true,
  "lockfileVersion": 1,
  "dependencies": {
    "@ztree/ztree_v3": {
      "version": "3.5.40",
      "resolved": "https://registry.npm.taobao.org/@ztree/ztree_v3/download/@ztree/ztree_v3-3.5.40.tgz",
      "integrity": "sha1-oocwBnWJbZT9loFUDDdXzEplcBo=",
      "requires": {
        "jquery": ">=1.4.4"
      }
    },
    "animejs": {
      "version": "3.1.0",
      "resolved": "https://registry.npm.taobao.org/animejs/download/animejs-3.1.0.tgz",
      "integrity": "sha1-dIqQ/B1L7z7+1kUIr5pqgrq/XEc="
    },
    "ansi-escapes": {
      "version": "3.2.0",
      "resolved": "https://registry.npm.taobao.org/ansi-escapes/download/ansi-escapes-3.2.0.tgz",
      "integrity": "sha1-h4C5j/nb9WOBUtHx/lwde0RCl2s="
    },
    "ansi-regex": {
      "version": "3.0.0",
      "resolved": "https://registry.npm.taobao.org/ansi-regex/download/ansi-regex-3.0.0.tgz",
      "integrity": "sha1-7QMXwyIGT3lGbAKWa922Bas32Zg="
    },
    "ansi-styles": {
      "version": "3.2.1",
      "resolved": "https://registry.npm.taobao.org/ansi-styles/download/ansi-styles-3.2.1.tgz?cache=0&other_urls=https%3A%2F%2Fregistry.npm.taobao.org%2Fansi-styles%2Fdownload%2Fansi-styles-3.2.1.tgz",
      "integrity": "sha1-QfuyAkPlCxK+DwS43tvwdSDOhB0=",
      "requires": {
        "color-convert": "^1.9.0"
      }
    },
    "axios": {
      "version": "0.19.0",
      "resolved": "https://registry.npm.taobao.org/axios/download/axios-0.19.0.tgz",
      "integrity": "sha1-jgm/89kSLhM/e4EByPvdAO09Krg=",
      "requires": {
        "follow-redirects": "1.5.10",
        "is-buffer": "^2.0.2"
      },
      "dependencies": {
        "debug": {
          "version": "3.1.0",
          "resolved": "https://registry.npm.taobao.org/debug/download/debug-3.1.0.tgz?cache=0&other_urls=https%3A%2F%2Fregistry.npm.taobao.org%2Fdebug%2Fdownload%2Fdebug-3.1.0.tgz",
          "integrity": "sha1-W7WgZyYotkFJVmuhaBnmFRjGcmE=",
          "requires": {
            "ms": "2.0.0"
          }
        },
        "follow-redirects": {
          "version": "1.5.10",
          "resolved": "https://registry.npm.taobao.org/follow-redirects/download/follow-redirects-1.5.10.tgz?cache=0&other_urls=https%3A%2F%2Fregistry.npm.taobao.org%2Ffollow-redirects%2Fdownload%2Ffollow-redirects-1.5.10.tgz",
          "integrity": "sha1-e3qfmuov3/NnhqlP9kPtB/T/Xio=",
          "requires": {
            "debug": "=3.1.0"
          }
        },
        "is-buffer": {
          "version": "2.0.3",
          "resolved": "https://registry.npm.taobao.org/is-buffer/download/is-buffer-2.0.3.tgz",
          "integrity": "sha1-Ts8/z3ScvR5HJonhCaxmJhol5yU="
        },
        "ms": {
          "version": "2.0.0",
          "resolved": "https://registry.npm.taobao.org/ms/download/ms-2.0.0.tgz?cache=0&other_urls=https%3A%2F%2Fregistry.npm.taobao.org%2Fms%2Fdownload%2Fms-2.0.0.tgz",
          "integrity": "sha1-VgiurfwAvmwpAd9fmGF4jeDVl8g="
        }
      }
    },
    "balloon-css": {
      "version": "0.5.2",
      "resolved": "https://registry.npm.taobao.org/balloon-css/download/balloon-css-0.5.2.tgz",
      "integrity": "sha1-niFjVloTbJ1Kog6EAHcs47c40/8="
    },
    "big.js": {
      "version": "5.2.2",
      "resolved": "https://registry.npm.taobao.org/big.js/download/big.js-5.2.2.tgz",
      "integrity": "sha1-ZfCvOC9Xi83HQr2cKB6cstd2gyg="
    },
    "bootstrap": {
      "version": "4.3.1",
      "resolved": "https://registry.npm.taobao.org/bootstrap/download/bootstrap-4.3.1.tgz",
      "integrity": "sha1-KAyo9hBQTZnXtrS/xLaM7GAXBKw="
    },
    "bootstrap-switch": {
      "version": "3.4.0",
      "resolved": "https://registry.npm.taobao.org/bootstrap-switch/download/bootstrap-switch-3.4.0.tgz",
      "integrity": "sha1-a7sERa2LQmSIPQY2bUiq08BpiPQ="
    },
    "camelcase": {
      "version": "4.1.0",
      "resolved": "https://registry.npm.taobao.org/camelcase/download/camelcase-4.1.0.tgz",
      "integrity": "sha1-1UVjW+HjPFQmScaRc+Xeas+uNN0="
    },
    "chalk": {
      "version": "2.4.2",
      "resolved": "https://registry.npm.taobao.org/chalk/download/chalk-2.4.2.tgz",
      "integrity": "sha1-zUJUFnelQzPPVBpJEIwUMrRMlCQ=",
      "requires": {
        "ansi-styles": "^3.2.1",
        "escape-string-regexp": "^1.0.5",
        "supports-color": "^5.3.0"
      }
    },
    "chardet": {
      "version": "0.7.0",
      "resolved": "https://registry.npm.taobao.org/chardet/download/chardet-0.7.0.tgz?cache=0&sync_timestamp=1562888139305&other_urls=https%3A%2F%2Fregistry.npm.taobao.org%2Fchardet%2Fdownload%2Fchardet-0.7.0.tgz",
      "integrity": "sha1-kAlISfCTfy7twkJdDSip5fDLrZ4="
    },
    "cli-cursor": {
      "version": "2.1.0",
      "resolved": "https://registry.npm.taobao.org/cli-cursor/download/cli-cursor-2.1.0.tgz?cache=0&other_urls=https%3A%2F%2Fregistry.npm.taobao.org%2Fcli-cursor%2Fdownload%2Fcli-cursor-2.1.0.tgz",
      "integrity": "sha1-s12sN2R5+sw+lHR9QdDQ9SOP/LU=",
      "requires": {
        "restore-cursor": "^2.0.0"
      }
    },
    "cli-width": {
      "version": "2.2.0",
      "resolved": "https://registry.npm.taobao.org/cli-width/download/cli-width-2.2.0.tgz",
      "integrity": "sha1-/xnt6Kml5XkyQUewwR8PvLq+1jk="
    },
    "clipic": {
      "version": "0.7.0",
      "resolved": "https://registry.npm.taobao.org/clipic/download/clipic-0.7.0.tgz",
      "integrity": "sha1-5asFKgwiv7i5/vdlIia0PdEAPrA="
    },
    "cliui": {
      "version": "4.1.0",
      "resolved": "https://registry.npm.taobao.org/cliui/download/cliui-4.1.0.tgz",
      "integrity": "sha1-NIQi2+gtgAswIu709qwQvy5NG0k=",
      "requires": {
        "string-width": "^2.1.1",
        "strip-ansi": "^4.0.0",
        "wrap-ansi": "^2.0.0"
      },
      "dependencies": {
        "strip-ansi": {
          "version": "4.0.0",
          "resolved": "https://registry.npm.taobao.org/strip-ansi/download/strip-ansi-4.0.0.tgz",
          "integrity": "sha1-qEeQIusaw2iocTibY1JixQXuNo8=",
          "requires": {
            "ansi-regex": "^3.0.0"
          }
        }
      }
    },
    "code-point-at": {
      "version": "1.1.0",
      "resolved": "https://registry.npm.taobao.org/code-point-at/download/code-point-at-1.1.0.tgz",
      "integrity": "sha1-DQcLTQQ6W+ozovGkDi7bPZpMz3c="
    },
    "color-convert": {
      "version": "1.9.3",
      "resolved": "https://registry.npm.taobao.org/color-convert/download/color-convert-1.9.3.tgz",
      "integrity": "sha1-u3GFBpDh8TZWfeYp0tVHHe2kweg=",
      "requires": {
        "color-name": "1.1.3"
      }
    },
    "color-name": {
      "version": "1.1.3",
      "resolved": "https://registry.npm.taobao.org/color-name/download/color-name-1.1.3.tgz",
      "integrity": "sha1-p9BVi9icQveV3UIyj3QIMcpTvCU="
    },
    "core-util-is": {
      "version": "1.0.2",
      "resolved": "https://registry.npm.taobao.org/core-util-is/download/core-util-is-1.0.2.tgz",
      "integrity": "sha1-tf1UIgqivFq1eqtxQMlAdUUDwac="
    },
    "cropper": {
      "version": "4.0.0",
      "resolved": "https://registry.npm.taobao.org/cropper/download/cropper-4.0.0.tgz",
      "integrity": "sha1-d6DB+JiQSfa5qRN6y4Zdyloen2I=",
      "requires": {
        "cropperjs": "^1.3.4"
      }
    },
    "cropperjs": {
      "version": "1.5.5",
      "resolved": "https://registry.npm.taobao.org/cropperjs/download/cropperjs-1.5.5.tgz",
      "integrity": "sha1-B9BMZCRKuIwb/DgqhI7DRu9Qt7k="
    },
    "cross-spawn": {
      "version": "6.0.5",
      "resolved": "https://registry.npm.taobao.org/cross-spawn/download/cross-spawn-6.0.5.tgz?cache=0&other_urls=https%3A%2F%2Fregistry.npm.taobao.org%2Fcross-spawn%2Fdownload%2Fcross-spawn-6.0.5.tgz",
      "integrity": "sha1-Sl7Hxk364iw6FBJNus3uhG2Ay8Q=",
      "requires": {
        "nice-try": "^1.0.4",
        "path-key": "^2.0.1",
        "semver": "^5.5.0",
        "shebang-command": "^1.2.0",
        "which": "^1.2.9"
      }
    },
    "debug": {
      "version": "3.2.6",
      "resolved": "https://registry.npm.taobao.org/debug/download/debug-3.2.6.tgz?cache=0&other_urls=https%3A%2F%2Fregistry.npm.taobao.org%2Fdebug%2Fdownload%2Fdebug-3.2.6.tgz",
      "integrity": "sha1-6D0X3hbYp++3cX7b5fsQE17uYps=",
      "requires": {
        "ms": "^2.1.1"
      }
    },
    "decamelize": {
      "version": "1.2.0",
      "resolved": "https://registry.npm.taobao.org/decamelize/download/decamelize-1.2.0.tgz?cache=0&other_urls=https%3A%2F%2Fregistry.npm.taobao.org%2Fdecamelize%2Fdownload%2Fdecamelize-1.2.0.tgz",
      "integrity": "sha1-9lNNFRSCabIDUue+4m9QH5oZEpA="
    },
    "dplayer": {
      "version": "1.25.0",
      "resolved": "https://registry.npm.taobao.org/dplayer/download/dplayer-1.25.0.tgz",
      "integrity": "sha1-EK+zQWtCEluJJtmxV6rllMhJRfs=",
      "requires": {
        "axios": "0.18.0",
        "balloon-css": "^0.5.0",
        "mini-css-extract-plugin": "0.4.0",
        "promise-polyfill": "8.0.0",
        "webpack-cli": "3.0.4"
      },
      "dependencies": {
        "axios": {
          "version": "0.18.0",
          "resolved": "https://registry.npm.taobao.org/axios/download/axios-0.18.0.tgz",
          "integrity": "sha1-MtU+SFHv3AoRmTts0AB4nXDAUQI=",
          "requires": {
            "follow-redirects": "^1.3.0",
            "is-buffer": "^1.1.5"
          }
        }
      }
    },
    "echarts": {
      "version": "4.2.1",
      "resolved": "https://registry.npm.taobao.org/echarts/download/echarts-4.2.1.tgz",
      "integrity": "sha1-mo6jsDNU+G+CTZdiXDNM8Wll7wM=",
      "requires": {
        "zrender": "4.0.7"
      }
    },
    "editor.md": {
      "version": "1.5.0",
      "resolved": "https://registry.npm.taobao.org/editor.md/download/editor.md-1.5.0.tgz",
      "integrity": "sha1-b+Y2qIo5uFYT9T7ubst7c0irI78="
    },
    "emojis-list": {
      "version": "2.1.0",
      "resolved": "https://registry.npm.taobao.org/emojis-list/download/emojis-list-2.1.0.tgz",
      "integrity": "sha1-TapNnbAPmBmIDHn6RXrlsJof04k="
    },
    "enhanced-resolve": {
      "version": "4.1.0",
      "resolved": "https://registry.npm.taobao.org/enhanced-resolve/download/enhanced-resolve-4.1.0.tgz?cache=0&other_urls=https%3A%2F%2Fregistry.npm.taobao.org%2Fenhanced-resolve%2Fdownload%2Fenhanced-resolve-4.1.0.tgz",
      "integrity": "sha1-Qcfgv9/nSsH/4eV61qXGyfN0Kn8=",
      "requires": {
        "graceful-fs": "^4.1.2",
        "memory-fs": "^0.4.0",
        "tapable": "^1.0.0"
      }
    },
    "errno": {
      "version": "0.1.7",
      "resolved": "https://registry.npm.taobao.org/errno/download/errno-0.1.7.tgz",
      "integrity": "sha1-RoTXF3mtOa8Xfj8AeZb3xnyFJhg=",
      "requires": {
        "prr": "~1.0.1"
      }
    },
    "escape-string-regexp": {
      "version": "1.0.5",
      "resolved": "https://registry.npm.taobao.org/escape-string-regexp/download/escape-string-regexp-1.0.5.tgz?cache=0&other_urls=https%3A%2F%2Fregistry.npm.taobao.org%2Fescape-string-regexp%2Fdownload%2Fescape-string-regexp-1.0.5.tgz",
      "integrity": "sha1-G2HAViGQqN/2rjuyzwIAyhMLhtQ="
    },
    "execa": {
      "version": "0.7.0",
      "resolved": "https://registry.npm.taobao.org/execa/download/execa-0.7.0.tgz",
      "integrity": "sha1-lEvs00zEHuMqY6n68nrVpl/Fl3c=",
      "requires": {
        "cross-spawn": "^5.0.1",
        "get-stream": "^3.0.0",
        "is-stream": "^1.1.0",
        "npm-run-path": "^2.0.0",
        "p-finally": "^1.0.0",
        "signal-exit": "^3.0.0",
        "strip-eof": "^1.0.0"
      },
      "dependencies": {
        "cross-spawn": {
          "version": "5.1.0",
          "resolved": "https://registry.npm.taobao.org/cross-spawn/download/cross-spawn-5.1.0.tgz?cache=0&other_urls=https%3A%2F%2Fregistry.npm.taobao.org%2Fcross-spawn%2Fdownload%2Fcross-spawn-5.1.0.tgz",
          "integrity": "sha1-6L0O/uWPz/b4+UUQoKVUu/ojVEk=",
          "requires": {
            "lru-cache": "^4.0.1",
            "shebang-command": "^1.2.0",
            "which": "^1.2.9"
          }
        }
      }
    },
    "exif-js": {
      "version": "2.3.0",
      "resolved": "https://registry.npm.taobao.org/exif-js/download/exif-js-2.3.0.tgz",
      "integrity": "sha1-nRCBm/Vx+HOBPnZAJBJVq5zhqBQ="
    },
    "external-editor": {
      "version": "3.1.0",
      "resolved": "https://registry.npm.taobao.org/external-editor/download/external-editor-3.1.0.tgz?cache=0&other_urls=https%3A%2F%2Fregistry.npm.taobao.org%2Fexternal-editor%2Fdownload%2Fexternal-editor-3.1.0.tgz",
      "integrity": "sha1-ywP3QL764D6k0oPK7SdBqD8zVJU=",
      "requires": {
        "chardet": "^0.7.0",
        "iconv-lite": "^0.4.24",
        "tmp": "^0.0.33"
      }
    },
    "figures": {
      "version": "2.0.0",
      "resolved": "https://registry.npm.taobao.org/figures/download/figures-2.0.0.tgz",
      "integrity": "sha1-OrGi0qYsi/tDGgyUy3l6L84nyWI=",
      "requires": {
        "escape-string-regexp": "^1.0.5"
      }
    },
    "find-up": {
      "version": "2.1.0",
      "resolved": "https://registry.npm.taobao.org/find-up/download/find-up-2.1.0.tgz?cache=0&other_urls=https%3A%2F%2Fregistry.npm.taobao.org%2Ffind-up%2Fdownload%2Ffind-up-2.1.0.tgz",
      "integrity": "sha1-RdG35QbHF93UgndaK3eSCjwMV6c=",
      "requires": {
        "locate-path": "^2.0.0"
      }
    },
    "follow-redirects": {
      "version": "1.8.1",
      "resolved": "https://registry.npm.taobao.org/follow-redirects/download/follow-redirects-1.8.1.tgz?cache=0&sync_timestamp=1566927571345&other_urls=https%3A%2F%2Fregistry.npm.taobao.org%2Ffollow-redirects%2Fdownload%2Ffollow-redirects-1.8.1.tgz",
      "integrity": "sha1-JIBPnqq2cWCw6EDAhYhdYGNxo1s=",
      "requires": {
        "debug": "^3.0.0"
      }
    },
    "get-caller-file": {
      "version": "1.0.3",
      "resolved": "https://registry.npm.taobao.org/get-caller-file/download/get-caller-file-1.0.3.tgz",
      "integrity": "sha1-+Xj6TJDR3+f/LWvtoqUV5xO9z0o="
    },
    "get-stream": {
      "version": "3.0.0",
      "resolved": "https://registry.npm.taobao.org/get-stream/download/get-stream-3.0.0.tgz",
      "integrity": "sha1-jpQ9E1jcN1VQVOy+LtsFqhdO3hQ="
    },
    "global-modules-path": {
      "version": "2.3.1",
      "resolved": "https://registry.npm.taobao.org/global-modules-path/download/global-modules-path-2.3.1.tgz",
      "integrity": "sha1-5UH0yAChqFFKmQR3smesZ1JbmTE="
    },
    "graceful-fs": {
      "version": "4.2.2",
      "resolved": "https://registry.npm.taobao.org/graceful-fs/download/graceful-fs-4.2.2.tgz?cache=0&other_urls=https%3A%2F%2Fregistry.npm.taobao.org%2Fgraceful-fs%2Fdownload%2Fgraceful-fs-4.2.2.tgz",
      "integrity": "sha1-bwlSYF0BQMHP2xOO0AV3W5LWewI="
    },
    "hammerjs": {
      "version": "2.0.8",
      "resolved": "https://registry.npm.taobao.org/hammerjs/download/hammerjs-2.0.8.tgz",
      "integrity": "sha1-BO93hiz/K7edMPdpIJWTAiK/YPE="
    },
    "has-flag": {
      "version": "3.0.0",
      "resolved": "https://registry.npm.taobao.org/has-flag/download/has-flag-3.0.0.tgz",
      "integrity": "sha1-tdRU3CGZriJWmfNGfloH87lVuv0="
    },
    "highlight.js": {
      "version": "9.15.9",
      "resolved": "https://registry.npm.taobao.org/highlight.js/download/highlight.js-9.15.9.tgz",
      "integrity": "sha1-hlJX2h27SljEVS1GxLOFT3fw5tU="
    },
    "html2canvas": {
      "version": "0.5.0-beta4",
      "resolved": "https://registry.npm.taobao.org/html2canvas/download/html2canvas-0.5.0-beta4.tgz",
      "integrity": "sha1-goLGKsX9eBaPVwK15IdxV8qT854="
    },
    "iconv-lite": {
      "version": "0.4.24",
      "resolved": "https://registry.npm.taobao.org/iconv-lite/download/iconv-lite-0.4.24.tgz?cache=0&sync_timestamp=1561588160612&other_urls=https%3A%2F%2Fregistry.npm.taobao.org%2Ficonv-lite%2Fdownload%2Ficonv-lite-0.4.24.tgz",
      "integrity": "sha1-ICK0sl+93CHS9SSXSkdKr+czkIs=",
      "requires": {
        "safer-buffer": ">= 2.1.2 < 3"
      }
    },
    "import-local": {
      "version": "1.0.0",
      "resolved": "https://registry.npm.taobao.org/import-local/download/import-local-1.0.0.tgz",
      "integrity": "sha1-Xk/9wD9P5sAJxnKb6yljHC+CJ7w=",
      "requires": {
        "pkg-dir": "^2.0.0",
        "resolve-cwd": "^2.0.0"
      }
    },
    "inherits": {
      "version": "2.0.4",
      "resolved": "https://registry.npm.taobao.org/inherits/download/inherits-2.0.4.tgz?cache=0&sync_timestamp=1560975547815&other_urls=https%3A%2F%2Fregistry.npm.taobao.org%2Finherits%2Fdownload%2Finherits-2.0.4.tgz",
      "integrity": "sha1-D6LGT5MpF8NDOg3tVTY6rjdBa3w="
    },
    "inquirer": {
      "version": "6.5.2",
      "resolved": "https://registry.npm.taobao.org/inquirer/download/inquirer-6.5.2.tgz",
      "integrity": "sha1-rVCUI3XQNtMn/1KMCL1fqwiZKMo=",
      "requires": {
        "ansi-escapes": "^3.2.0",
        "chalk": "^2.4.2",
        "cli-cursor": "^2.1.0",
        "cli-width": "^2.0.0",
        "external-editor": "^3.0.3",
        "figures": "^2.0.0",
        "lodash": "^4.17.12",
        "mute-stream": "0.0.7",
        "run-async": "^2.2.0",
        "rxjs": "^6.4.0",
        "string-width": "^2.1.0",
        "strip-ansi": "^5.1.0",
        "through": "^2.3.6"
      }
    },
    "interpret": {
      "version": "1.2.0",
      "resolved": "https://registry.npm.taobao.org/interpret/download/interpret-1.2.0.tgz",
      "integrity": "sha1-1QYaYiS+WOgIOYX1AU2EQ1lXYpY="
    },
    "invert-kv": {
      "version": "1.0.0",
      "resolved": "https://registry.npm.taobao.org/invert-kv/download/invert-kv-1.0.0.tgz",
      "integrity": "sha1-EEqOSqym09jNFXqO+L+rLXo//bY="
    },
    "is-buffer": {
      "version": "1.1.6",
      "resolved": "https://registry.npm.taobao.org/is-buffer/download/is-buffer-1.1.6.tgz",
      "integrity": "sha1-76ouqdqg16suoTqXsritUf776L4="
    },
    "is-fullwidth-code-point": {
      "version": "2.0.0",
      "resolved": "https://registry.npm.taobao.org/is-fullwidth-code-point/download/is-fullwidth-code-point-2.0.0.tgz",
      "integrity": "sha1-o7MKXE8ZkYMWeqq5O+764937ZU8="
    },
    "is-promise": {
      "version": "2.1.0",
      "resolved": "https://registry.npm.taobao.org/is-promise/download/is-promise-2.1.0.tgz",
      "integrity": "sha1-eaKp7OfwlugPNtKy87wWwf9L8/o="
    },
    "is-stream": {
      "version": "1.1.0",
      "resolved": "https://registry.npm.taobao.org/is-stream/download/is-stream-1.1.0.tgz",
      "integrity": "sha1-EtSj3U5o4Lec6428hBc66A2RykQ="
    },
    "isarray": {
      "version": "1.0.0",
      "resolved": "https://registry.npm.taobao.org/isarray/download/isarray-1.0.0.tgz?cache=0&sync_timestamp=1562592096220&other_urls=https%3A%2F%2Fregistry.npm.taobao.org%2Fisarray%2Fdownload%2Fisarray-1.0.0.tgz",
      "integrity": "sha1-u5NdSFgsuhaMBoNJV6VKPgcSTxE="
    },
    "isexe": {
      "version": "2.0.0",
      "resolved": "https://registry.npm.taobao.org/isexe/download/isexe-2.0.0.tgz",
      "integrity": "sha1-6PvzdNxVb/iUehDcsFctYz8s+hA="
    },
    "jquery": {
      "version": "1.11.3",
      "resolved": "https://registry.npm.taobao.org/jquery/download/jquery-1.11.3.tgz",
      "integrity": "sha1-3Yt0J4snEC0p32Pq4oMIqM+htYM="
    },
    "json5": {
      "version": "1.0.1",
      "resolved": "https://registry.npm.taobao.org/json5/download/json5-1.0.1.tgz",
      "integrity": "sha1-d5+wAYYE+oVOrL9iUhgNg1Q+Pb4=",
      "requires": {
        "minimist": "^1.2.0"
      }
    },
    "lazyload": {
      "version": "2.0.0-rc.2",
      "resolved": "https://registry.npm.taobao.org/lazyload/download/lazyload-2.0.0-rc.2.tgz",
      "integrity": "sha1-x3TreWbzNMm+0vJ1gPwzOncOslY="
    },
    "lcid": {
      "version": "1.0.0",
      "resolved": "https://registry.npm.taobao.org/lcid/download/lcid-1.0.0.tgz",
      "integrity": "sha1-MIrMr6C8SDo4Z7S28rlQYlHRuDU=",
      "requires": {
        "invert-kv": "^1.0.0"
      }
    },
    "loader-utils": {
      "version": "1.2.3",
      "resolved": "https://registry.npm.taobao.org/loader-utils/download/loader-utils-1.2.3.tgz",
      "integrity": "sha1-H/XcaRHJ8KBiUxpMBLYJQGEIwsc=",
      "requires": {
        "big.js": "^5.2.2",
        "emojis-list": "^2.0.0",
        "json5": "^1.0.1"
      }
    },
    "locate-path": {
      "version": "2.0.0",
      "resolved": "https://registry.npm.taobao.org/locate-path/download/locate-path-2.0.0.tgz",
      "integrity": "sha1-K1aLJl7slExtnA3pw9u7ygNUzY4=",
      "requires": {
        "p-locate": "^2.0.0",
        "path-exists": "^3.0.0"
      }
    },
    "lodash": {
      "version": "4.17.15",
      "resolved": "https://registry.npm.taobao.org/lodash/download/lodash-4.17.15.tgz?cache=0&sync_timestamp=1563508077056&other_urls=https%3A%2F%2Fregistry.npm.taobao.org%2Flodash%2Fdownload%2Flodash-4.17.15.tgz",
      "integrity": "sha1-tEf2ZwoEVbv+7dETku/zMOoJdUg="
    },
    "lru-cache": {
      "version": "4.1.5",
      "resolved": "https://registry.npm.taobao.org/lru-cache/download/lru-cache-4.1.5.tgz?cache=0&other_urls=https%3A%2F%2Fregistry.npm.taobao.org%2Flru-cache%2Fdownload%2Flru-cache-4.1.5.tgz",
      "integrity": "sha1-i75Q6oW+1ZvJ4z3KuCNe6bz0Q80=",
      "requires": {
        "pseudomap": "^1.0.2",
        "yallist": "^2.1.2"
      }
    },
    "marked": {
      "version": "0.7.0",
      "resolved": "https://registry.npm.taobao.org/marked/download/marked-0.7.0.tgz?cache=0&sync_timestamp=1562386991938&other_urls=https%3A%2F%2Fregistry.npm.taobao.org%2Fmarked%2Fdownload%2Fmarked-0.7.0.tgz",
      "integrity": "sha1-tkIB8FHScbHtwQoE0a6bdLuOXA4="
    },
    "mavatar": {
      "version": "1.2.1",
      "resolved": "https://registry.npm.taobao.org/mavatar/download/mavatar-1.2.1.tgz",
      "integrity": "sha1-//phgm3VH1nDeCONRj9TfUjcof0=",
      "requires": {
        "exif-js": "^2.3.0",
        "hammerjs": "^2.0.8",
        "html2canvas": "^0.5.0-beta4"
      }
    },
    "mdui": {
      "version": "0.4.3",
      "resolved": "https://registry.npm.taobao.org/mdui/download/mdui-0.4.3.tgz",
      "integrity": "sha1-eGCpeYY6im2LGiLYixqUOlUnrOo="
    },
    "mem": {
      "version": "1.1.0",
      "resolved": "https://registry.npm.taobao.org/mem/download/mem-1.1.0.tgz",
      "integrity": "sha1-Xt1StIXKHZAP5kiVUFOZoN+kX3Y=",
      "requires": {
        "mimic-fn": "^1.0.0"
      }
    },
    "memory-fs": {
      "version": "0.4.1",
      "resolved": "https://registry.npm.taobao.org/memory-fs/download/memory-fs-0.4.1.tgz",
      "integrity": "sha1-OpoguEYlI+RHz7x+i7gO1me/xVI=",
      "requires": {
        "errno": "^0.1.3",
        "readable-stream": "^2.0.1"
      }
    },
    "metal": {
      "version": "2.16.8",
      "resolved": "https://registry.npm.taobao.org/metal/download/metal-2.16.8.tgz",
      "integrity": "sha1-cSGy7hj1Fl9jfWkhLOQe9ua8tjw="
    },
    "metal-ajax": {
      "version": "2.1.1",
      "resolved": "https://registry.npm.taobao.org/metal-ajax/download/metal-ajax-2.1.1.tgz",
      "integrity": "sha1-9xXdmPs4vCrSJp65YPMxj/ik5UM=",
      "requires": {
        "metal": "^2.0.0",
        "metal-promise": "^2.0.0",
        "metal-uri": "^2.0.0"
      }
    },
    "metal-debounce": {
      "version": "2.0.2",
      "resolved": "https://registry.npm.taobao.org/metal-debounce/download/metal-debounce-2.0.2.tgz",
      "integrity": "sha1-5cvpfna/Dlegnfkn3otlpHwfL8U="
    },
    "metal-dom": {
      "version": "2.16.8",
      "resolved": "https://registry.npm.taobao.org/metal-dom/download/metal-dom-2.16.8.tgz",
      "integrity": "sha1-4739NByi9qrl2ro5lSzxulqIYaY=",
      "requires": {
        "metal": "^2.16.8",
        "metal-events": "^2.16.8"
      }
    },
    "metal-events": {
      "version": "2.16.8",
      "resolved": "https://registry.npm.taobao.org/metal-events/download/metal-events-2.16.8.tgz",
      "integrity": "sha1-FIlMnjpB2+UnaE/5DBURdgzJ5TM=",
      "requires": {
        "metal": "^2.16.8"
      }
    },
    "metal-path-parser": {
      "version": "1.0.4",
      "resolved": "https://registry.npm.taobao.org/metal-path-parser/download/metal-path-parser-1.0.4.tgz",
      "integrity": "sha1-Mli+fql5XOD3oXh9Jc4mAv+21dg=",
      "requires": {
        "metal": "^2.16.6"
      }
    },
    "metal-promise": {
      "version": "2.0.1",
      "resolved": "https://registry.npm.taobao.org/metal-promise/download/metal-promise-2.0.1.tgz",
      "integrity": "sha1-KP9DIQ5MaeX/9R2/IB5K4v5vg9U=",
      "requires": {
        "metal": "^2.0.0"
      }
    },
    "metal-structs": {
      "version": "1.0.2",
      "resolved": "https://registry.npm.taobao.org/metal-structs/download/metal-structs-1.0.2.tgz",
      "integrity": "sha1-O09YXxaeYcq7LM1+5fDZe2Cx/Io=",
      "requires": {
        "metal": "^2.16.6"
      }
    },
    "metal-uri": {
      "version": "2.4.0",
      "resolved": "https://registry.npm.taobao.org/metal-uri/download/metal-uri-2.4.0.tgz",
      "integrity": "sha1-ljb9Sx6kAho5FO7joRJKzNkgRzc=",
      "requires": {
        "metal": "^2.0.0",
        "metal-structs": "^1.0.0",
        "path-browserify": "0.0.0",
        "url": "^0.11.0"
      }
    },
    "metal-useragent": {
      "version": "3.0.1",
      "resolved": "https://registry.npm.taobao.org/metal-useragent/download/metal-useragent-3.0.1.tgz",
      "integrity": "sha1-m8MFanROrvXhXtZ2PHfaJm4PAzA=",
      "requires": {
        "metal": "^2.16.6"
      }
    },
    "mimic-fn": {
      "version": "1.2.0",
      "resolved": "https://registry.npm.taobao.org/mimic-fn/download/mimic-fn-1.2.0.tgz",
      "integrity": "sha1-ggyGo5M0ZA6ZUWkovQP8qIBX0CI="
    },
    "mini-css-extract-plugin": {
      "version": "0.4.0",
      "resolved": "https://registry.npm.taobao.org/mini-css-extract-plugin/download/mini-css-extract-plugin-0.4.0.tgz?cache=0&other_urls=https%3A%2F%2Fregistry.npm.taobao.org%2Fmini-css-extract-plugin%2Fdownload%2Fmini-css-extract-plugin-0.4.0.tgz",
      "integrity": "sha1-/zvwi+6W5hjhd8FsphMb/s73B/k=",
      "requires": {
        "loader-utils": "^1.1.0",
        "webpack-sources": "^1.1.0"
      }
    },
    "minimist": {
      "version": "1.2.0",
      "resolved": "https://registry.npm.taobao.org/minimist/download/minimist-1.2.0.tgz",
      "integrity": "sha1-o1AIsg9BOD7sH7kU9M1d95omQoQ="
    },
    "ms": {
      "version": "2.1.2",
      "resolved": "https://registry.npm.taobao.org/ms/download/ms-2.1.2.tgz?cache=0&other_urls=https%3A%2F%2Fregistry.npm.taobao.org%2Fms%2Fdownload%2Fms-2.1.2.tgz",
      "integrity": "sha1-0J0fNXtEP0kzgqjrPM0YOHKuYAk="
    },
    "mute-stream": {
      "version": "0.0.7",
      "resolved": "https://registry.npm.taobao.org/mute-stream/download/mute-stream-0.0.7.tgz",
      "integrity": "sha1-MHXOk7whuPq0PhvE2n6BFe0ee6s="
    },
    "nice-try": {
      "version": "1.0.5",
      "resolved": "https://registry.npm.taobao.org/nice-try/download/nice-try-1.0.5.tgz",
      "integrity": "sha1-ozeKdpbOfSI+iPybdkvX7xCJ42Y="
    },
    "npm-run-path": {
      "version": "2.0.2",
      "resolved": "https://registry.npm.taobao.org/npm-run-path/download/npm-run-path-2.0.2.tgz",
      "integrity": "sha1-NakjLfo11wZ7TLLd8jV7GHFTbF8=",
      "requires": {
        "path-key": "^2.0.0"
      }
    },
    "number-is-nan": {
      "version": "1.0.1",
      "resolved": "https://registry.npm.taobao.org/number-is-nan/download/number-is-nan-1.0.1.tgz",
      "integrity": "sha1-CXtgK1NCKlIsGvuHkDGDNpQaAR0="
    },
    "onetime": {
      "version": "2.0.1",
      "resolved": "https://registry.npm.taobao.org/onetime/download/onetime-2.0.1.tgz",
      "integrity": "sha1-BnQoIw/WdEOyeUsiu6UotoZ5YtQ=",
      "requires": {
        "mimic-fn": "^1.0.0"
      }
    },
    "os-locale": {
      "version": "2.1.0",
      "resolved": "https://registry.npm.taobao.org/os-locale/download/os-locale-2.1.0.tgz?cache=0&other_urls=https%3A%2F%2Fregistry.npm.taobao.org%2Fos-locale%2Fdownload%2Fos-locale-2.1.0.tgz",
      "integrity": "sha1-QrwpAKa1uL0XN2yOiCtlr8zyS/I=",
      "requires": {
        "execa": "^0.7.0",
        "lcid": "^1.0.0",
        "mem": "^1.1.0"
      }
    },
    "os-tmpdir": {
      "version": "1.0.2",
      "resolved": "https://registry.npm.taobao.org/os-tmpdir/download/os-tmpdir-1.0.2.tgz",
      "integrity": "sha1-u+Z0BseaqFxc/sdm/lc0VV36EnQ="
    },
    "p-finally": {
      "version": "1.0.0",
      "resolved": "https://registry.npm.taobao.org/p-finally/download/p-finally-1.0.0.tgz",
      "integrity": "sha1-P7z7FbiZpEEjs0ttzBi3JDNqLK4="
    },
    "p-limit": {
      "version": "1.3.0",
      "resolved": "https://registry.npm.taobao.org/p-limit/download/p-limit-1.3.0.tgz?cache=0&other_urls=https%3A%2F%2Fregistry.npm.taobao.org%2Fp-limit%2Fdownload%2Fp-limit-1.3.0.tgz",
      "integrity": "sha1-uGvV8MJWkJEcdZD8v8IBDVSzzLg=",
      "requires": {
        "p-try": "^1.0.0"
      }
    },
    "p-locate": {
      "version": "2.0.0",
      "resolved": "https://registry.npm.taobao.org/p-locate/download/p-locate-2.0.0.tgz",
      "integrity": "sha1-IKAQOyIqcMj9OcwuWAaA893l7EM=",
      "requires": {
        "p-limit": "^1.1.0"
      }
    },
    "p-try": {
      "version": "1.0.0",
      "resolved": "https://registry.npm.taobao.org/p-try/download/p-try-1.0.0.tgz",
      "integrity": "sha1-y8ec26+P1CKOE/Yh8rGiN8GyB7M="
    },
    "path-browserify": {
      "version": "0.0.0",
      "resolved": "https://registry.npm.taobao.org/path-browserify/download/path-browserify-0.0.0.tgz",
      "integrity": "sha1-oLhwcpquIUAFt9UDLsLLuw+0RRo="
    },
    "path-exists": {
      "version": "3.0.0",
      "resolved": "https://registry.npm.taobao.org/path-exists/download/path-exists-3.0.0.tgz",
      "integrity": "sha1-zg6+ql94yxiSXqfYENe1mwEP1RU="
    },
    "path-key": {
      "version": "2.0.1",
      "resolved": "https://registry.npm.taobao.org/path-key/download/path-key-2.0.1.tgz",
      "integrity": "sha1-QRyttXTFoUDTpLGRDUDYDMn0C0A="
    },
    "pkg-dir": {
      "version": "2.0.0",
      "resolved": "https://registry.npm.taobao.org/pkg-dir/download/pkg-dir-2.0.0.tgz",
      "integrity": "sha1-9tXREJ4Z1j7fQo4L1X4Sd3YVM0s=",
      "requires": {
        "find-up": "^2.1.0"
      }
    },
    "process-nextick-args": {
      "version": "2.0.1",
      "resolved": "https://registry.npm.taobao.org/process-nextick-args/download/process-nextick-args-2.0.1.tgz?cache=0&other_urls=https%3A%2F%2Fregistry.npm.taobao.org%2Fprocess-nextick-args%2Fdownload%2Fprocess-nextick-args-2.0.1.tgz",
      "integrity": "sha1-eCDZsWEgzFXKmud5JoCufbptf+I="
    },
    "promise-polyfill": {
      "version": "8.0.0",
      "resolved": "https://registry.npm.taobao.org/promise-polyfill/download/promise-polyfill-8.0.0.tgz",
      "integrity": "sha1-tHx/x0BSzFshMrcDzKFE8aXrVu8="
    },
    "prr": {
      "version": "1.0.1",
      "resolved": "https://registry.npm.taobao.org/prr/download/prr-1.0.1.tgz",
      "integrity": "sha1-0/wRS6BplaRexok/SEzrHXj19HY="
    },
    "pseudomap": {
      "version": "1.0.2",
      "resolved": "https://registry.npm.taobao.org/pseudomap/download/pseudomap-1.0.2.tgz",
      "integrity": "sha1-8FKijacOYYkX7wqKw0wa5aaChrM="
    },
    "punycode": {
      "version": "1.3.2",
      "resolved": "https://registry.npm.taobao.org/punycode/download/punycode-1.3.2.tgz",
      "integrity": "sha1-llOgNvt8HuQjQvIyXM7v6jkmxI0="
    },
    "push.js": {
      "version": "1.0.9",
      "resolved": "https://registry.npm.taobao.org/push.js/download/push.js-1.0.9.tgz",
      "integrity": "sha1-km4WEqidynQevJO+2KowW9m7z8Y="
    },
    "querystring": {
      "version": "0.2.0",
      "resolved": "https://registry.npm.taobao.org/querystring/download/querystring-0.2.0.tgz",
      "integrity": "sha1-sgmEkgO7Jd+CDadW50cAWHhSFiA="
    },
    "readable-stream": {
      "version": "2.3.6",
      "resolved": "https://registry.npm.taobao.org/readable-stream/download/readable-stream-2.3.6.tgz?cache=0&other_urls=https%3A%2F%2Fregistry.npm.taobao.org%2Freadable-stream%2Fdownload%2Freadable-stream-2.3.6.tgz",
      "integrity": "sha1-sRwn2IuP8fvgcGQ8+UsMea4bCq8=",
      "requires": {
        "core-util-is": "~1.0.0",
        "inherits": "~2.0.3",
        "isarray": "~1.0.0",
        "process-nextick-args": "~2.0.0",
        "safe-buffer": "~5.1.1",
        "string_decoder": "~1.1.1",
        "util-deprecate": "~1.0.1"
      }
    },
    "require-directory": {
      "version": "2.1.1",
      "resolved": "https://registry.npm.taobao.org/require-directory/download/require-directory-2.1.1.tgz?cache=0&other_urls=https%3A%2F%2Fregistry.npm.taobao.org%2Frequire-directory%2Fdownload%2Frequire-directory-2.1.1.tgz",
      "integrity": "sha1-jGStX9MNqxyXbiNE/+f3kqam30I="
    },
    "require-main-filename": {
      "version": "1.0.1",
      "resolved": "https://registry.npm.taobao.org/require-main-filename/download/require-main-filename-1.0.1.tgz",
      "integrity": "sha1-l/cXtp1IeE9fUmpsWqj/3aBVpNE="
    },
    "resolve-cwd": {
      "version": "2.0.0",
      "resolved": "https://registry.npm.taobao.org/resolve-cwd/download/resolve-cwd-2.0.0.tgz",
      "integrity": "sha1-AKn3OHVW4nA46uIyyqNypqWbZlo=",
      "requires": {
        "resolve-from": "^3.0.0"
      }
    },
    "resolve-from": {
      "version": "3.0.0",
      "resolved": "https://registry.npm.taobao.org/resolve-from/download/resolve-from-3.0.0.tgz",
      "integrity": "sha1-six699nWiBvItuZTM17rywoYh0g="
    },
    "restore-cursor": {
      "version": "2.0.0",
      "resolved": "https://registry.npm.taobao.org/restore-cursor/download/restore-cursor-2.0.0.tgz",
      "integrity": "sha1-n37ih/gv0ybU/RYpI9YhKe7g368=",
      "requires": {
        "onetime": "^2.0.0",
        "signal-exit": "^3.0.2"
      }
    },
    "run-async": {
      "version": "2.3.0",
      "resolved": "https://registry.npm.taobao.org/run-async/download/run-async-2.3.0.tgz",
      "integrity": "sha1-A3GrSuC91yDUFm19/aZP96RFpsA=",
      "requires": {
        "is-promise": "^2.1.0"
      }
    },
    "rxjs": {
      "version": "6.5.2",
      "resolved": "https://registry.npm.taobao.org/rxjs/download/rxjs-6.5.2.tgz",
      "integrity": "sha1-LjXOgVzUbYTQKiCftOWSHgUdvsc=",
      "requires": {
        "tslib": "^1.9.0"
      }
    },
    "safe-buffer": {
      "version": "5.1.2",
      "resolved": "https://registry.npm.taobao.org/safe-buffer/download/safe-buffer-5.1.2.tgz",
      "integrity": "sha1-mR7GnSluAxN0fVm9/St0XDX4go0="
    },
    "safer-buffer": {
      "version": "2.1.2",
      "resolved": "https://registry.npm.taobao.org/safer-buffer/download/safer-buffer-2.1.2.tgz?cache=0&other_urls=https%3A%2F%2Fregistry.npm.taobao.org%2Fsafer-buffer%2Fdownload%2Fsafer-buffer-2.1.2.tgz",
      "integrity": "sha1-RPoWGwGHuVSd2Eu5GAL5vYOFzWo="
    },
    "semver": {
      "version": "5.7.1",
      "resolved": "https://registry.npm.taobao.org/semver/download/semver-5.7.1.tgz?cache=0&sync_timestamp=1565627380363&other_urls=https%3A%2F%2Fregistry.npm.taobao.org%2Fsemver%2Fdownload%2Fsemver-5.7.1.tgz",
      "integrity": "sha1-qVT5Ma66UI0we78Gnv8MAclhFvc="
    },
    "senna": {
      "version": "2.7.8",
      "resolved": "https://registry.npm.taobao.org/senna/download/senna-2.7.8.tgz",
      "integrity": "sha1-WzYQiY0tlCGOY1y7xr2+Wf9AItY=",
      "requires": {
        "bootstrap": "^3.3.6",
        "metal": "^2.16.5",
        "metal-ajax": "^2.1.1",
        "metal-debounce": "^2.0.0",
        "metal-dom": "^2.16.8",
        "metal-events": "^2.16.5",
        "metal-path-parser": "^1.0.3",
        "metal-promise": "^2.0.1",
        "metal-structs": "^1.0.0",
        "metal-uri": "^2.2.6",
        "metal-useragent": "^3.0.0"
      },
      "dependencies": {
        "bootstrap": {
          "version": "3.4.1",
          "resolved": "https://registry.npm.taobao.org/bootstrap/download/bootstrap-3.4.1.tgz",
          "integrity": "sha1-w6NH1Bniia0R9AM+PEEyuHwIHXI="
        }
      }
    },
    "set-blocking": {
      "version": "2.0.0",
      "resolved": "https://registry.npm.taobao.org/set-blocking/download/set-blocking-2.0.0.tgz",
      "integrity": "sha1-BF+XgtARrppoA93TgrJDkrPYkPc="
    },
    "shebang-command": {
      "version": "1.2.0",
      "resolved": "https://registry.npm.taobao.org/shebang-command/download/shebang-command-1.2.0.tgz",
      "integrity": "sha1-RKrGW2lbAzmJaMOfNj/uXer98eo=",
      "requires": {
        "shebang-regex": "^1.0.0"
      }
    },
    "shebang-regex": {
      "version": "1.0.0",
      "resolved": "https://registry.npm.taobao.org/shebang-regex/download/shebang-regex-1.0.0.tgz",
      "integrity": "sha1-2kL0l0DAtC2yypcoVxyxkMmO/qM="
    },
    "signal-exit": {
      "version": "3.0.2",
      "resolved": "https://registry.npm.taobao.org/signal-exit/download/signal-exit-3.0.2.tgz",
      "integrity": "sha1-tf3AjxKH6hF4Yo5BXiUTK3NkbG0="
    },
    "source-list-map": {
      "version": "2.0.1",
      "resolved": "https://registry.npm.taobao.org/source-list-map/download/source-list-map-2.0.1.tgz",
      "integrity": "sha1-OZO9hzv8SEecyp6jpUeDXHwVSzQ="
    },
    "source-map": {
      "version": "0.6.1",
      "resolved": "https://registry.npm.taobao.org/source-map/download/source-map-0.6.1.tgz",
      "integrity": "sha1-dHIq8y6WFOnCh6jQu95IteLxomM="
    },
    "string-width": {
      "version": "2.1.1",
      "resolved": "https://registry.npm.taobao.org/string-width/download/string-width-2.1.1.tgz",
      "integrity": "sha1-q5Pyeo3BPSjKyBXEYhQ6bZASrp4=",
      "requires": {
        "is-fullwidth-code-point": "^2.0.0",
        "strip-ansi": "^4.0.0"
      },
      "dependencies": {
        "strip-ansi": {
          "version": "4.0.0",
          "resolved": "https://registry.npm.taobao.org/strip-ansi/download/strip-ansi-4.0.0.tgz",
          "integrity": "sha1-qEeQIusaw2iocTibY1JixQXuNo8=",
          "requires": {
            "ansi-regex": "^3.0.0"
          }
        }
      }
    },
    "string_decoder": {
      "version": "1.1.1",
      "resolved": "https://registry.npm.taobao.org/string_decoder/download/string_decoder-1.1.1.tgz?cache=0&sync_timestamp=1565170823020&other_urls=https%3A%2F%2Fregistry.npm.taobao.org%2Fstring_decoder%2Fdownload%2Fstring_decoder-1.1.1.tgz",
      "integrity": "sha1-nPFhG6YmhdcDCunkujQUnDrwP8g=",
      "requires": {
        "safe-buffer": "~5.1.0"
      }
    },
    "strip-ansi": {
      "version": "5.2.0",
      "resolved": "https://registry.npm.taobao.org/strip-ansi/download/strip-ansi-5.2.0.tgz",
      "integrity": "sha1-jJpTb+tq/JYr36WxBKUJHBrZwK4=",
      "requires": {
        "ansi-regex": "^4.1.0"
      },
      "dependencies": {
        "ansi-regex": {
          "version": "4.1.0",
          "resolved": "https://registry.npm.taobao.org/ansi-regex/download/ansi-regex-4.1.0.tgz",
          "integrity": "sha1-i5+PCM8ay4Q3Vqg5yox+MWjFGZc="
        }
      }
    },
    "strip-eof": {
      "version": "1.0.0",
      "resolved": "https://registry.npm.taobao.org/strip-eof/download/strip-eof-1.0.0.tgz",
      "integrity": "sha1-u0P/VZim6wXYm1n80SnJgzE2Br8="
    },
    "supports-color": {
      "version": "5.5.0",
      "resolved": "https://registry.npm.taobao.org/supports-color/download/supports-color-5.5.0.tgz",
      "integrity": "sha1-4uaaRKyHcveKHsCzW2id9lMO/I8=",
      "requires": {
        "has-flag": "^3.0.0"
      }
    },
    "tapable": {
      "version": "1.1.3",
      "resolved": "https://registry.npm.taobao.org/tapable/download/tapable-1.1.3.tgz?cache=0&other_urls=https%3A%2F%2Fregistry.npm.taobao.org%2Ftapable%2Fdownload%2Ftapable-1.1.3.tgz",
      "integrity": "sha1-ofzMBrWNth/XpF2i2kT186Pme6I="
    },
    "through": {
      "version": "2.3.8",
      "resolved": "https://registry.npm.taobao.org/through/download/through-2.3.8.tgz",
      "integrity": "sha1-DdTJ/6q8NXlgsbckEV1+Doai4fU="
    },
    "timetables": {
      "version": "1.1.0",
      "resolved": "https://registry.npm.taobao.org/timetables/download/timetables-1.1.0.tgz",
      "integrity": "sha1-MQ7SxQ5ry0Ce4HpLs3Str+kmEuw="
    },
    "tmp": {
      "version": "0.0.33",
      "resolved": "https://registry.npm.taobao.org/tmp/download/tmp-0.0.33.tgz",
      "integrity": "sha1-bTQzWIl2jSGyvNoKonfO07G/rfk=",
      "requires": {
        "os-tmpdir": "~1.0.2"
      }
    },
    "tslib": {
      "version": "1.10.0",
      "resolved": "https://registry.npm.taobao.org/tslib/download/tslib-1.10.0.tgz",
      "integrity": "sha1-w8GflZc/sKYpc/sJ2Q2WHuQ+XIo="
    },
    "url": {
      "version": "0.11.0",
      "resolved": "https://registry.npm.taobao.org/url/download/url-0.11.0.tgz",
      "integrity": "sha1-ODjpfPxgUh63PFJajlW/3Z4uKPE=",
      "requires": {
        "punycode": "1.3.2",
        "querystring": "0.2.0"
      }
    },
    "util-deprecate": {
      "version": "1.0.2",
      "resolved": "https://registry.npm.taobao.org/util-deprecate/download/util-deprecate-1.0.2.tgz",
      "integrity": "sha1-RQ1Nyfpw3nMnYvvS1KKJgUGaDM8="
    },
    "v8-compile-cache": {
      "version": "2.1.0",
      "resolved": "https://registry.npm.taobao.org/v8-compile-cache/download/v8-compile-cache-2.1.0.tgz",
      "integrity": "sha1-4U3jezGm0ZT1aQ1n78Tn9vxqsw4="
    },
    "viewerjs": {
      "version": "1.3.6",
      "resolved": "https://registry.npm.taobao.org/viewerjs/download/viewerjs-1.3.6.tgz?cache=0&sync_timestamp=1562239916223&other_urls=https%3A%2F%2Fregistry.npm.taobao.org%2Fviewerjs%2Fdownload%2Fviewerjs-1.3.6.tgz",
      "integrity": "sha1-Wy5oxIYj8u8RfaLio4IFnKsUffk="
    },
    "vue": {
      "version": "2.6.10",
      "resolved": "https://registry.npm.taobao.org/vue/download/vue-2.6.10.tgz",
      "integrity": "sha1-pysaQqTYKnIepDjRtr9V5mGVxjc="
    },
    "vue-router": {
      "version": "3.1.3",
      "resolved": "https://registry.npm.taobao.org/vue-router/download/vue-router-3.1.3.tgz?cache=0&other_urls=https%3A%2F%2Fregistry.npm.taobao.org%2Fvue-router%2Fdownload%2Fvue-router-3.1.3.tgz",
      "integrity": "sha1-5rFPq8DA7p/aDiy72nSzUOKOQSs="
    },
    "webpack-cli": {
      "version": "3.0.4",
      "resolved": "https://registry.npm.taobao.org/webpack-cli/download/webpack-cli-3.0.4.tgz",
      "integrity": "sha1-VdatLN1gjejA91fd5bxL9b0t7Gg=",
      "requires": {
        "chalk": "^2.4.1",
        "cross-spawn": "^6.0.5",
        "enhanced-resolve": "^4.0.0",
        "global-modules-path": "^2.1.0",
        "import-local": "^1.0.0",
        "inquirer": "^6.0.0",
        "interpret": "^1.1.0",
        "loader-utils": "^1.1.0",
        "supports-color": "^5.4.0",
        "v8-compile-cache": "^2.0.0",
        "yargs": "^11.1.0"
      }
    },
    "webpack-sources": {
      "version": "1.4.3",
      "resolved": "https://registry.npm.taobao.org/webpack-sources/download/webpack-sources-1.4.3.tgz?cache=0&sync_timestamp=1565017369833&other_urls=https%3A%2F%2Fregistry.npm.taobao.org%2Fwebpack-sources%2Fdownload%2Fwebpack-sources-1.4.3.tgz",
      "integrity": "sha1-7t2OwLko+/HL/plOItLYkPMwqTM=",
      "requires": {
        "source-list-map": "^2.0.0",
        "source-map": "~0.6.1"
      }
    },
    "which": {
      "version": "1.3.1",
      "resolved": "https://registry.npm.taobao.org/which/download/which-1.3.1.tgz",
      "integrity": "sha1-pFBD1U9YBTFtqNYvn1CRjT2nCwo=",
      "requires": {
        "isexe": "^2.0.0"
      }
    },
    "which-module": {
      "version": "2.0.0",
      "resolved": "https://registry.npm.taobao.org/which-module/download/which-module-2.0.0.tgz",
      "integrity": "sha1-2e8H3Od7mQK4o6j6SzHD4/fm6Ho="
    },
    "wrap-ansi": {
      "version": "2.1.0",
      "resolved": "https://registry.npm.taobao.org/wrap-ansi/download/wrap-ansi-2.1.0.tgz",
      "integrity": "sha1-2Pw9KE3QV5T+hJc8rs3Rz4JP3YU=",
      "requires": {
        "string-width": "^1.0.1",
        "strip-ansi": "^3.0.1"
      },
      "dependencies": {
        "ansi-regex": {
          "version": "2.1.1",
          "resolved": "https://registry.npm.taobao.org/ansi-regex/download/ansi-regex-2.1.1.tgz",
          "integrity": "sha1-w7M6te42DYbg5ijwRorn7yfWVN8="
        },
        "is-fullwidth-code-point": {
          "version": "1.0.0",
          "resolved": "https://registry.npm.taobao.org/is-fullwidth-code-point/download/is-fullwidth-code-point-1.0.0.tgz",
          "integrity": "sha1-754xOG8DGn8NZDr4L95QxFfvAMs=",
          "requires": {
            "number-is-nan": "^1.0.0"
          }
        },
        "string-width": {
          "version": "1.0.2",
          "resolved": "https://registry.npm.taobao.org/string-width/download/string-width-1.0.2.tgz",
          "integrity": "sha1-EYvfW4zcUaKn5w0hHgfisLmxB9M=",
          "requires": {
            "code-point-at": "^1.0.0",
            "is-fullwidth-code-point": "^1.0.0",
            "strip-ansi": "^3.0.0"
          }
        },
        "strip-ansi": {
          "version": "3.0.1",
          "resolved": "https://registry.npm.taobao.org/strip-ansi/download/strip-ansi-3.0.1.tgz",
          "integrity": "sha1-ajhfuIU9lS1f8F0Oiq+UJ43GPc8=",
          "requires": {
            "ansi-regex": "^2.0.0"
          }
        }
      }
    },
    "y18n": {
      "version": "3.2.1",
      "resolved": "https://registry.npm.taobao.org/y18n/download/y18n-3.2.1.tgz",
      "integrity": "sha1-bRX7qITAhnnA136I53WegR4H+kE="
    },
    "yallist": {
      "version": "2.1.2",
      "resolved": "https://registry.npm.taobao.org/yallist/download/yallist-2.1.2.tgz",
      "integrity": "sha1-HBH5IY8HYImkfdUS+TxmmaaoHVI="
    },
    "yargs": {
      "version": "11.1.0",
      "resolved": "https://registry.npm.taobao.org/yargs/download/yargs-11.1.0.tgz",
      "integrity": "sha1-kLhpk07W6HERXqL/WLA/RyTtLXc=",
      "requires": {
        "cliui": "^4.0.0",
        "decamelize": "^1.1.1",
        "find-up": "^2.1.0",
        "get-caller-file": "^1.0.1",
        "os-locale": "^2.0.0",
        "require-directory": "^2.1.1",
        "require-main-filename": "^1.0.1",
        "set-blocking": "^2.0.0",
        "string-width": "^2.0.0",
        "which-module": "^2.0.0",
        "y18n": "^3.2.1",
        "yargs-parser": "^9.0.2"
      }
    },
    "yargs-parser": {
      "version": "9.0.2",
      "resolved": "https://registry.npm.taobao.org/yargs-parser/download/yargs-parser-9.0.2.tgz",
      "integrity": "sha1-nM9qQ0YP5O1Aqbto9I1DuKaMwHc=",
      "requires": {
        "camelcase": "^4.1.0"
      }
    },
    "zrender": {
      "version": "4.0.7",
      "resolved": "https://registry.npm.taobao.org/zrender/download/zrender-4.0.7.tgz",
      "integrity": "sha1-Fa6WCCL17+1BCZXTflEH/j3hDm0="
    }
  }
}
