{
  "requires": true,
  "lockfileVersion": 1,
  "dependencies": {
    "@ztree/ztree_v3": {
      "version": "3.5.40",
      "resolved": "https://registry.npm.taobao.org/@ztree/ztree_v3/download/@ztree/ztree_v3-3.5.40.tgz",
      "integrity": "sha1-oocwBnWJbZT9loFUDDdXzEplcBo=",
      "requires": {
        "jquery": "1.11.3"
      }
    },
    "animejs": {
      "version": "3.1.0",
      "resolved": "https://registry.npm.taobao.org/animejs/download/animejs-3.1.0.tgz",
      "integrity": "sha1-dIqQ/B1L7z7+1kUIr5pqgrq/XEc="
    },
    "echarts": {
      "version": "4.2.1",
      "resolved": "https://registry.npm.taobao.org/echarts/download/echarts-4.2.1.tgz",
      "integrity": "sha1-mo6jsDNU+G+CTZdiXDNM8Wll7wM=",
      "requires": {
        "zrender": "4.0.7"
      }
    },
    "editor.md": {
      "version": "1.5.0",
      "resolved": "https://registry.npm.taobao.org/editor.md/download/editor.md-1.5.0.tgz",
      "integrity": "sha1-b+Y2qIo5uFYT9T7ubst7c0irI78="
    },
    "jquery": {
      "version": "1.11.3",
      "resolved": "https://registry.npm.taobao.org/jquery/download/jquery-1.11.3.tgz",
      "integrity": "sha1-3Yt0J4snEC0p32Pq4oMIqM+htYM="
    },
    "mdui": {
      "version": "0.4.3",
      "resolved": "https://registry.npm.taobao.org/mdui/download/mdui-0.4.3.tgz",
      "integrity": "sha1-eGCpeYY6im2LGiLYixqUOlUnrOo="
    },
    "push.js": {
      "version": "1.0.9",
      "resolved": "https://registry.npm.taobao.org/push.js/download/push.js-1.0.9.tgz",
      "integrity": "sha1-km4WEqidynQevJO+2KowW9m7z8Y="
    },
    "zrender": {
      "version": "4.0.7",
      "resolved": "https://registry.npm.taobao.org/zrender/download/zrender-4.0.7.tgz",
      "integrity": "sha1-Fa6WCCL17+1BCZXTflEH/j3hDm0="
    }
  }
}
