{
  "requires": true,
  "lockfileVersion": 1,
  "dependencies": {
    "commander": {
      "version": "2.20.3",
      "resolved": "https://registry.npm.taobao.org/commander/download/commander-2.20.3.tgz?cache=0&sync_timestamp=1592632084115&other_urls=https%3A%2F%2Fregistry.npm.taobao.org%2Fcommander%2Fdownload%2Fcommander-2.20.3.tgz",
      "integrity": "sha1-/UhehMA+tIgcIHIrpIA16FMa6zM="
    },
    "cssfilter": {
      "version": "0.0.10",
      "resolved": "https://registry.npm.taobao.org/cssfilter/download/cssfilter-0.0.10.tgz",
      "integrity": "sha1-xtJnJjKi5cg+AT5oZKQs6N79IK4="
    },
    "toastr": {
      "version": "2.1.4",
      "resolved": "https://registry.npm.taobao.org/toastr/download/toastr-2.1.4.tgz",
      "integrity": "sha1-i0O+ZPudDEFIcURvLbjoyk6V8YE=",
      "requires": {
        "jquery": ">=1.12.0"
      },
      "dependencies": {
        "jquery": {
          "version": "3.4.1",
          "resolved": "https://registry.npm.taobao.org/jquery/download/jquery-3.4.1.tgz",
          "integrity": "sha1-cU8fjZ3eS9+lV2S6N+8hRjDYDvI="
        }
      }
    },
    "xss": {
      "version": "1.0.7",
      "resolved": "https://registry.npm.taobao.org/xss/download/xss-1.0.7.tgz?cache=0&sync_timestamp=1591583872085&other_urls=https%3A%2F%2Fregistry.npm.taobao.org%2Fxss%2Fdownload%2Fxss-1.0.7.tgz",
      "integrity": "sha1-pVTL1ekJMkvWiT+0f/9EGtVOKpU=",
      "requires": {
        "commander": "^2.20.3",
        "cssfilter": "0.0.10"
      }
    }
  }
}
