
Microsoft Visual Studio Solution File, Format Version 12.00
# Visual Studio Version 16
VisualStudioVersion = 16.0.30114.105
MinimumVisualStudioVersion = 10.0.40219.1
Project("{2150E333-8FDC-42A3-9474-1A3956D46DE8}") = "1.Libraries", "1.Libraries", "{12FF63F2-D12B-4386-9520-1A3FD94DE6B5}"
EndProject
Project("{2150E333-8FDC-42A3-9474-1A3956D46DE8}") = "2.Persentation", "2.Persentation", "{A0F2A343-D2A0-49EB-B8E4-BC97FAE772E8}"
EndProject
Project("{FAE04EC0-301F-11D3-BF4B-00C04F79EFBC}") = "Domain", "src\Libraries\Domain\Domain.csproj", "{5130CC63-704F-40E6-B0DE-3A92E1448FA3}"
EndProject
Project("{FAE04EC0-301F-11D3-BF4B-00C04F79EFBC}") = "Repositories", "src\Libraries\Repositories\Repositories.csproj", "{EFC4D84D-269D-4555-8E61-390E087BB603}"
EndProject
Project("{FAE04EC0-301F-11D3-BF4B-00C04F79EFBC}") = "WebUI", "src\Presentation\WebUI\WebUI.csproj", "{E8743582-D9EA-45D4-8751-D0D9A164ECC5}"
EndProject
Project("{FAE04EC0-301F-11D3-BF4B-00C04F79EFBC}") = "WebApi", "src\Presentation\WebApi\WebApi.csproj", "{C7C5FF71-2F43-42CB-90C1-2E8A19530B61}"
EndProject
Project("{FAE04EC0-301F-11D3-BF4B-00C04F79EFBC}") = "Services", "src\Libraries\Services\Services.csproj", "{AFAF3E39-7F01-4947-8816-168B8B5ECAD2}"
EndProject
Project("{FAE04EC0-301F-11D3-BF4B-00C04F79EFBC}") = "ViewModel", "src\Libraries\ViewModel\ViewModel.csproj", "{2249E988-AB3D-46C6-9EFD-B0CA7914652D}"
EndProject
Project("{FAE04EC0-301F-11D3-BF4B-00C04F79EFBC}") = "Core", "src\Libraries\Core\Core.csproj", "{2F10194D-D842-48BB-802F-3066D7DB20B6}"
EndProject
Project("{FAE04EC0-301F-11D3-BF4B-00C04F79EFBC}") = "AutoMapperConfig", "src\Libraries\AutoMapperConfig\AutoMapperConfig.csproj", "{03AC9D3C-2B2D-4246-8562-C844832F1962}"
EndProject
Project("{FAE04EC0-301F-11D3-BF4B-00C04F79EFBC}") = "Framework", "src\Libraries\Framework\Framework.csproj", "{73FAA94C-D233-4894-A0E8-90A4436345E6}"
EndProject
Global
	GlobalSection(SolutionConfigurationPlatforms) = preSolution
		Debug|Any CPU = Debug|Any CPU
		Release|Any CPU = Release|Any CPU
	EndGlobalSection
	GlobalSection(ProjectConfigurationPlatforms) = postSolution
		{5130CC63-704F-40E6-B0DE-3A92E1448FA3}.Debug|Any CPU.ActiveCfg = Debug|Any CPU
		{5130CC63-704F-40E6-B0DE-3A92E1448FA3}.Debug|Any CPU.Build.0 = Debug|Any CPU
		{5130CC63-704F-40E6-B0DE-3A92E1448FA3}.Release|Any CPU.ActiveCfg = Release|Any CPU
		{5130CC63-704F-40E6-B0DE-3A92E1448FA3}.Release|Any CPU.Build.0 = Release|Any CPU
		{EFC4D84D-269D-4555-8E61-390E087BB603}.Debug|Any CPU.ActiveCfg = Debug|Any CPU
		{EFC4D84D-269D-4555-8E61-390E087BB603}.Debug|Any CPU.Build.0 = Debug|Any CPU
		{EFC4D84D-269D-4555-8E61-390E087BB603}.Release|Any CPU.ActiveCfg = Release|Any CPU
		{EFC4D84D-269D-4555-8E61-390E087BB603}.Release|Any CPU.Build.0 = Release|Any CPU
		{E8743582-D9EA-45D4-8751-D0D9A164ECC5}.Debug|Any CPU.ActiveCfg = Debug|Any CPU
		{E8743582-D9EA-45D4-8751-D0D9A164ECC5}.Debug|Any CPU.Build.0 = Debug|Any CPU
		{E8743582-D9EA-45D4-8751-D0D9A164ECC5}.Release|Any CPU.ActiveCfg = Release|Any CPU
		{E8743582-D9EA-45D4-8751-D0D9A164ECC5}.Release|Any CPU.Build.0 = Release|Any CPU
		{C7C5FF71-2F43-42CB-90C1-2E8A19530B61}.Debug|Any CPU.ActiveCfg = Debug|Any CPU
		{C7C5FF71-2F43-42CB-90C1-2E8A19530B61}.Debug|Any CPU.Build.0 = Debug|Any CPU
		{C7C5FF71-2F43-42CB-90C1-2E8A19530B61}.Release|Any CPU.ActiveCfg = Release|Any CPU
		{C7C5FF71-2F43-42CB-90C1-2E8A19530B61}.Release|Any CPU.Build.0 = Release|Any CPU
		{AFAF3E39-7F01-4947-8816-168B8B5ECAD2}.Debug|Any CPU.ActiveCfg = Debug|Any CPU
		{AFAF3E39-7F01-4947-8816-168B8B5ECAD2}.Debug|Any CPU.Build.0 = Debug|Any CPU
		{AFAF3E39-7F01-4947-8816-168B8B5ECAD2}.Release|Any CPU.ActiveCfg = Release|Any CPU
		{AFAF3E39-7F01-4947-8816-168B8B5ECAD2}.Release|Any CPU.Build.0 = Release|Any CPU
		{2249E988-AB3D-46C6-9EFD-B0CA7914652D}.Debug|Any CPU.ActiveCfg = Debug|Any CPU
		{2249E988-AB3D-46C6-9EFD-B0CA7914652D}.Debug|Any CPU.Build.0 = Debug|Any CPU
		{2249E988-AB3D-46C6-9EFD-B0CA7914652D}.Release|Any CPU.ActiveCfg = Release|Any CPU
		{2249E988-AB3D-46C6-9EFD-B0CA7914652D}.Release|Any CPU.Build.0 = Release|Any CPU
		{2F10194D-D842-48BB-802F-3066D7DB20B6}.Debug|Any CPU.ActiveCfg = Debug|Any CPU
		{2F10194D-D842-48BB-802F-3066D7DB20B6}.Debug|Any CPU.Build.0 = Debug|Any CPU
		{2F10194D-D842-48BB-802F-3066D7DB20B6}.Release|Any CPU.ActiveCfg = Release|Any CPU
		{2F10194D-D842-48BB-802F-3066D7DB20B6}.Release|Any CPU.Build.0 = Release|Any CPU
		{03AC9D3C-2B2D-4246-8562-C844832F1962}.Debug|Any CPU.ActiveCfg = Debug|Any CPU
		{03AC9D3C-2B2D-4246-8562-C844832F1962}.Debug|Any CPU.Build.0 = Debug|Any CPU
		{03AC9D3C-2B2D-4246-8562-C844832F1962}.Release|Any CPU.ActiveCfg = Release|Any CPU
		{03AC9D3C-2B2D-4246-8562-C844832F1962}.Release|Any CPU.Build.0 = Release|Any CPU
		{73FAA94C-D233-4894-A0E8-90A4436345E6}.Debug|Any CPU.ActiveCfg = Debug|Any CPU
		{73FAA94C-D233-4894-A0E8-90A4436345E6}.Debug|Any CPU.Build.0 = Debug|Any CPU
		{73FAA94C-D233-4894-A0E8-90A4436345E6}.Release|Any CPU.ActiveCfg = Release|Any CPU
		{73FAA94C-D233-4894-A0E8-90A4436345E6}.Release|Any CPU.Build.0 = Release|Any CPU
	EndGlobalSection
	GlobalSection(SolutionProperties) = preSolution
		HideSolutionNode = FALSE
	EndGlobalSection
	GlobalSection(NestedProjects) = preSolution
		{5130CC63-704F-40E6-B0DE-3A92E1448FA3} = {12FF63F2-D12B-4386-9520-1A3FD94DE6B5}
		{EFC4D84D-269D-4555-8E61-390E087BB603} = {12FF63F2-D12B-4386-9520-1A3FD94DE6B5}
		{E8743582-D9EA-45D4-8751-D0D9A164ECC5} = {A0F2A343-D2A0-49EB-B8E4-BC97FAE772E8}
		{C7C5FF71-2F43-42CB-90C1-2E8A19530B61} = {A0F2A343-D2A0-49EB-B8E4-BC97FAE772E8}
		{AFAF3E39-7F01-4947-8816-168B8B5ECAD2} = {12FF63F2-D12B-4386-9520-1A3FD94DE6B5}
		{2249E988-AB3D-46C6-9EFD-B0CA7914652D} = {12FF63F2-D12B-4386-9520-1A3FD94DE6B5}
		{2F10194D-D842-48BB-802F-3066D7DB20B6} = {12FF63F2-D12B-4386-9520-1A3FD94DE6B5}
		{03AC9D3C-2B2D-4246-8562-C844832F1962} = {12FF63F2-D12B-4386-9520-1A3FD94DE6B5}
		{73FAA94C-D233-4894-A0E8-90A4436345E6} = {12FF63F2-D12B-4386-9520-1A3FD94DE6B5}
	EndGlobalSection
	GlobalSection(ExtensibilityGlobals) = postSolution
		SolutionGuid = {D08ED581-D4C9-4587-AC63-F892EDCD361A}
	EndGlobalSection
EndGlobal
