
Microsoft Visual Studio Solution File, Format Version 12.00
# Visual Studio 2013
VisualStudioVersion = 12.0.21005.1
MinimumVisualStudioVersion = 10.0.40219.1
Project("{2150E333-8FDC-42A3-9474-1A3956D46DE8}") = "src", "src", "{98FA7C60-5D77-4E38-BF07-879B3BB692A2}"
EndProject
Project("{FAE04EC0-301F-11D3-BF4B-00C04F79EFBC}") = "Remember.Component", "src\Remember.Component\Remember.Component.csproj", "{B8D9A8A3-3E3B-4D2C-997C-30992EB24D76}"
EndProject
Project("{FAE04EC0-301F-11D3-BF4B-00C04F79EFBC}") = "Remember.Web", "src\Remember.Web\Remember.Web.csproj", "{96FE39FF-9414-468B-B615-B162E5062DD9}"
EndProject
Project("{FAE04EC0-301F-11D3-BF4B-00C04F79EFBC}") = "Remember.Core", "src\Remember.Core\Remember.Core.csproj", "{40BBDED7-C3AC-430B-8370-EF5938F5AF6A}"
EndProject
Project("{FAE04EC0-301F-11D3-BF4B-00C04F79EFBC}") = "Remember.Domain", "src\Remember.Domain\Remember.Domain.csproj", "{E892DB5A-805A-400A-80A8-1F2CBDEF81AD}"
EndProject
Project("{FAE04EC0-301F-11D3-BF4B-00C04F79EFBC}") = "Remember.Manager", "src\Remember.Manager\Remember.Manager.csproj", "{95F58579-283D-4DAE-8744-BD56F6EA570E}"
EndProject
Project("{FAE04EC0-301F-11D3-BF4B-00C04F79EFBC}") = "Remember.Service", "src\Remember.Service\Remember.Service.csproj", "{137B05D4-CC34-4CC5-A6C2-37A90D8BEE1F}"
EndProject
Project("{FAE04EC0-301F-11D3-BF4B-00C04F79EFBC}") = "Remember.Common", "src\Remember.Common\Remember.Common.csproj", "{32ADADC3-36BB-42BC-B037-E3DD7C86177C}"
EndProject
Project("{FAE04EC0-301F-11D3-BF4B-00C04F79EFBC}") = "Remember.WebAPI", "src\Remember.WebAPI\Remember.WebAPI.csproj", "{B8F1292F-0BB6-4D6A-9B8D-6409F586E28C}"
EndProject
Global
	GlobalSection(SolutionConfigurationPlatforms) = preSolution
		Debug|Any CPU = Debug|Any CPU
		Release|Any CPU = Release|Any CPU
	EndGlobalSection
	GlobalSection(ProjectConfigurationPlatforms) = postSolution
		{B8D9A8A3-3E3B-4D2C-997C-30992EB24D76}.Debug|Any CPU.ActiveCfg = Debug|Any CPU
		{B8D9A8A3-3E3B-4D2C-997C-30992EB24D76}.Debug|Any CPU.Build.0 = Debug|Any CPU
		{B8D9A8A3-3E3B-4D2C-997C-30992EB24D76}.Release|Any CPU.ActiveCfg = Release|Any CPU
		{B8D9A8A3-3E3B-4D2C-997C-30992EB24D76}.Release|Any CPU.Build.0 = Release|Any CPU
		{96FE39FF-9414-468B-B615-B162E5062DD9}.Debug|Any CPU.ActiveCfg = Debug|Any CPU
		{96FE39FF-9414-468B-B615-B162E5062DD9}.Debug|Any CPU.Build.0 = Debug|Any CPU
		{96FE39FF-9414-468B-B615-B162E5062DD9}.Release|Any CPU.ActiveCfg = Release|Any CPU
		{96FE39FF-9414-468B-B615-B162E5062DD9}.Release|Any CPU.Build.0 = Release|Any CPU
		{40BBDED7-C3AC-430B-8370-EF5938F5AF6A}.Debug|Any CPU.ActiveCfg = Debug|Any CPU
		{40BBDED7-C3AC-430B-8370-EF5938F5AF6A}.Debug|Any CPU.Build.0 = Debug|Any CPU
		{40BBDED7-C3AC-430B-8370-EF5938F5AF6A}.Release|Any CPU.ActiveCfg = Release|Any CPU
		{40BBDED7-C3AC-430B-8370-EF5938F5AF6A}.Release|Any CPU.Build.0 = Release|Any CPU
		{E892DB5A-805A-400A-80A8-1F2CBDEF81AD}.Debug|Any CPU.ActiveCfg = Debug|Any CPU
		{E892DB5A-805A-400A-80A8-1F2CBDEF81AD}.Debug|Any CPU.Build.0 = Debug|Any CPU
		{E892DB5A-805A-400A-80A8-1F2CBDEF81AD}.Release|Any CPU.ActiveCfg = Release|Any CPU
		{E892DB5A-805A-400A-80A8-1F2CBDEF81AD}.Release|Any CPU.Build.0 = Release|Any CPU
		{95F58579-283D-4DAE-8744-BD56F6EA570E}.Debug|Any CPU.ActiveCfg = Debug|Any CPU
		{95F58579-283D-4DAE-8744-BD56F6EA570E}.Debug|Any CPU.Build.0 = Debug|Any CPU
		{95F58579-283D-4DAE-8744-BD56F6EA570E}.Release|Any CPU.ActiveCfg = Release|Any CPU
		{95F58579-283D-4DAE-8744-BD56F6EA570E}.Release|Any CPU.Build.0 = Release|Any CPU
		{137B05D4-CC34-4CC5-A6C2-37A90D8BEE1F}.Debug|Any CPU.ActiveCfg = Debug|Any CPU
		{137B05D4-CC34-4CC5-A6C2-37A90D8BEE1F}.Debug|Any CPU.Build.0 = Debug|Any CPU
		{137B05D4-CC34-4CC5-A6C2-37A90D8BEE1F}.Release|Any CPU.ActiveCfg = Release|Any CPU
		{137B05D4-CC34-4CC5-A6C2-37A90D8BEE1F}.Release|Any CPU.Build.0 = Release|Any CPU
		{32ADADC3-36BB-42BC-B037-E3DD7C86177C}.Debug|Any CPU.ActiveCfg = Debug|Any CPU
		{32ADADC3-36BB-42BC-B037-E3DD7C86177C}.Debug|Any CPU.Build.0 = Debug|Any CPU
		{32ADADC3-36BB-42BC-B037-E3DD7C86177C}.Release|Any CPU.ActiveCfg = Release|Any CPU
		{32ADADC3-36BB-42BC-B037-E3DD7C86177C}.Release|Any CPU.Build.0 = Release|Any CPU
		{B8F1292F-0BB6-4D6A-9B8D-6409F586E28C}.Debug|Any CPU.ActiveCfg = Debug|Any CPU
		{B8F1292F-0BB6-4D6A-9B8D-6409F586E28C}.Debug|Any CPU.Build.0 = Debug|Any CPU
		{B8F1292F-0BB6-4D6A-9B8D-6409F586E28C}.Release|Any CPU.ActiveCfg = Release|Any CPU
		{B8F1292F-0BB6-4D6A-9B8D-6409F586E28C}.Release|Any CPU.Build.0 = Release|Any CPU
	EndGlobalSection
	GlobalSection(SolutionProperties) = preSolution
		HideSolutionNode = FALSE
	EndGlobalSection
	GlobalSection(NestedProjects) = preSolution
		{B8D9A8A3-3E3B-4D2C-997C-30992EB24D76} = {98FA7C60-5D77-4E38-BF07-879B3BB692A2}
		{96FE39FF-9414-468B-B615-B162E5062DD9} = {98FA7C60-5D77-4E38-BF07-879B3BB692A2}
		{40BBDED7-C3AC-430B-8370-EF5938F5AF6A} = {98FA7C60-5D77-4E38-BF07-879B3BB692A2}
		{E892DB5A-805A-400A-80A8-1F2CBDEF81AD} = {98FA7C60-5D77-4E38-BF07-879B3BB692A2}
		{95F58579-283D-4DAE-8744-BD56F6EA570E} = {98FA7C60-5D77-4E38-BF07-879B3BB692A2}
		{137B05D4-CC34-4CC5-A6C2-37A90D8BEE1F} = {98FA7C60-5D77-4E38-BF07-879B3BB692A2}
		{32ADADC3-36BB-42BC-B037-E3DD7C86177C} = {98FA7C60-5D77-4E38-BF07-879B3BB692A2}
		{B8F1292F-0BB6-4D6A-9B8D-6409F586E28C} = {98FA7C60-5D77-4E38-BF07-879B3BB692A2}
	EndGlobalSection
EndGlobal
