
Microsoft Visual Studio Solution File, Format Version 12.00
# Visual Studio 15
VisualStudioVersion = 15.0.28307.489
MinimumVisualStudioVersion = 10.0.40219.1
Project("{2150E333-8FDC-42A3-9474-1A3956D46DE8}") = "src", "src", "{830790DE-7820-4F6D-AA2F-7B4A806208C7}"
EndProject
Project("{FAE04EC0-301F-11D3-BF4B-00C04F79EFBC}") = "WebUI", "src\WebUI\WebUI.csproj", "{C0AE959D-26D7-4D39-A0EA-F5EAA792D1D4}"
EndProject
Project("{FAE04EC0-301F-11D3-BF4B-00C04F79EFBC}") = "Service", "src\Service\Service.csproj", "{F6E2082C-EB59-4FE6-85BB-CA618B85314E}"
EndProject
Project("{FAE04EC0-301F-11D3-BF4B-00C04F79EFBC}") = "Component", "src\Component\Component.csproj", "{C5DC4EE3-67F4-409C-90AF-7EEBE44F74F8}"
EndProject
Project("{FAE04EC0-301F-11D3-BF4B-00C04F79EFBC}") = "Manager", "src\Manager\Manager.csproj", "{5EAB8029-112A-4A3D-86DB-60E48E1F6F37}"
EndProject
Project("{FAE04EC0-301F-11D3-BF4B-00C04F79EFBC}") = "Core", "src\Core\Core.csproj", "{C1D08DA3-6F81-47DF-A5F2-C56020D5F5CF}"
EndProject
Project("{FAE04EC0-301F-11D3-BF4B-00C04F79EFBC}") = "Domain", "src\Domain\Domain.csproj", "{A533E3D6-D54F-4141-AC04-6171DFF64E26}"
EndProject
Project("{FAE04EC0-301F-11D3-BF4B-00C04F79EFBC}") = "Common", "src\Common\Common.csproj", "{2B716300-F8DB-4726-AC39-F45D15FB7A9D}"
EndProject
Project("{FAE04EC0-301F-11D3-BF4B-00C04F79EFBC}") = "Framework", "src\Framework\Framework.csproj", "{133DE7B4-457D-46B4-94ED-3CA0379644AE}"
EndProject
Project("{FAE04EC0-301F-11D3-BF4B-00C04F79EFBC}") = "Web.Account", "src\Web.Account\Web.Account.csproj", "{275D91AA-E195-4B8E-A089-04248D7AB1C7}"
EndProject
Project("{2150E333-8FDC-42A3-9474-1A3956D46DE8}") = "pluginHub", "pluginHub", "{EF29EEC5-D819-476E-9567-E59F853E663A}"
EndProject
Project("{2150E333-8FDC-42A3-9474-1A3956D46DE8}") = "plugins", "plugins", "{19968077-9CC9-4808-91C8-7D7FBBAF05FD}"
EndProject
Project("{9A19103F-16F7-4668-BE54-9A1E7A4F7556}") = "PluginHub", "pluginHub\PluginHub\PluginHub.csproj", "{7EEE28DF-E7D1-473D-AE8A-ACFF774AC741}"
EndProject
Project("{FAE04EC0-301F-11D3-BF4B-00C04F79EFBC}") = "PluginHub.Mvc5", "pluginHub\PluginHub.Mvc5\PluginHub.Mvc5.csproj", "{C7624908-0861-428D-AA0D-3468D8CA4AC8}"
EndProject
Project("{9A19103F-16F7-4668-BE54-9A1E7A4F7556}") = "PluginHub.Services", "pluginHub\PluginHub.Services\PluginHub.Services.csproj", "{F16A9C9B-F001-4D1B-9623-B192EFFC7D0D}"
EndProject
Project("{9A19103F-16F7-4668-BE54-9A1E7A4F7556}") = "PluginHub.Web", "pluginHub\PluginHub.Web\PluginHub.Web.csproj", "{D546C37C-3E0F-421D-B685-E39DF8019958}"
EndProject
Project("{FAE04EC0-301F-11D3-BF4B-00C04F79EFBC}") = "BaiduTJ", "plugins\BaiduTJ\BaiduTJ.csproj", "{AF439F8A-ABA1-4B65-BCE0-C076CA4D75E4}"
EndProject
Project("{FAE04EC0-301F-11D3-BF4B-00C04F79EFBC}") = "ArticleContent", "plugins\ArticleContent\ArticleContent.csproj", "{B4FC672D-AB1D-4C5D-A00B-CD2871892E70}"
EndProject
Project("{FAE04EC0-301F-11D3-BF4B-00C04F79EFBC}") = "CornJob", "src\CornJob\CornJob.csproj", "{C6D6ED7A-FE7B-482E-82B5-C7B2304314C3}"
EndProject
Project("{FAE04EC0-301F-11D3-BF4B-00C04F79EFBC}") = "WebApi", "src\WebApi\WebApi.csproj", "{5DFF7494-4549-4556-ABDF-1CDD1E999272}"
EndProject
Project("{FAE04EC0-301F-11D3-BF4B-00C04F79EFBC}") = "MiniCrawler", "src\MiniCrawler\MiniCrawler.csproj", "{809DF905-2A3A-4E26-B7F9-055F9DE3BA88}"
EndProject
Global
	GlobalSection(SolutionConfigurationPlatforms) = preSolution
		Debug|Any CPU = Debug|Any CPU
		Release|Any CPU = Release|Any CPU
	EndGlobalSection
	GlobalSection(ProjectConfigurationPlatforms) = postSolution
		{C0AE959D-26D7-4D39-A0EA-F5EAA792D1D4}.Debug|Any CPU.ActiveCfg = Debug|Any CPU
		{C0AE959D-26D7-4D39-A0EA-F5EAA792D1D4}.Debug|Any CPU.Build.0 = Debug|Any CPU
		{C0AE959D-26D7-4D39-A0EA-F5EAA792D1D4}.Release|Any CPU.ActiveCfg = Release|Any CPU
		{C0AE959D-26D7-4D39-A0EA-F5EAA792D1D4}.Release|Any CPU.Build.0 = Release|Any CPU
		{F6E2082C-EB59-4FE6-85BB-CA618B85314E}.Debug|Any CPU.ActiveCfg = Debug|Any CPU
		{F6E2082C-EB59-4FE6-85BB-CA618B85314E}.Debug|Any CPU.Build.0 = Debug|Any CPU
		{F6E2082C-EB59-4FE6-85BB-CA618B85314E}.Release|Any CPU.ActiveCfg = Release|Any CPU
		{F6E2082C-EB59-4FE6-85BB-CA618B85314E}.Release|Any CPU.Build.0 = Release|Any CPU
		{C5DC4EE3-67F4-409C-90AF-7EEBE44F74F8}.Debug|Any CPU.ActiveCfg = Debug|Any CPU
		{C5DC4EE3-67F4-409C-90AF-7EEBE44F74F8}.Debug|Any CPU.Build.0 = Debug|Any CPU
		{C5DC4EE3-67F4-409C-90AF-7EEBE44F74F8}.Release|Any CPU.ActiveCfg = Release|Any CPU
		{C5DC4EE3-67F4-409C-90AF-7EEBE44F74F8}.Release|Any CPU.Build.0 = Release|Any CPU
		{5EAB8029-112A-4A3D-86DB-60E48E1F6F37}.Debug|Any CPU.ActiveCfg = Debug|Any CPU
		{5EAB8029-112A-4A3D-86DB-60E48E1F6F37}.Debug|Any CPU.Build.0 = Debug|Any CPU
		{5EAB8029-112A-4A3D-86DB-60E48E1F6F37}.Release|Any CPU.ActiveCfg = Release|Any CPU
		{5EAB8029-112A-4A3D-86DB-60E48E1F6F37}.Release|Any CPU.Build.0 = Release|Any CPU
		{C1D08DA3-6F81-47DF-A5F2-C56020D5F5CF}.Debug|Any CPU.ActiveCfg = Debug|Any CPU
		{C1D08DA3-6F81-47DF-A5F2-C56020D5F5CF}.Debug|Any CPU.Build.0 = Debug|Any CPU
		{C1D08DA3-6F81-47DF-A5F2-C56020D5F5CF}.Release|Any CPU.ActiveCfg = Release|Any CPU
		{C1D08DA3-6F81-47DF-A5F2-C56020D5F5CF}.Release|Any CPU.Build.0 = Release|Any CPU
		{A533E3D6-D54F-4141-AC04-6171DFF64E26}.Debug|Any CPU.ActiveCfg = Debug|Any CPU
		{A533E3D6-D54F-4141-AC04-6171DFF64E26}.Debug|Any CPU.Build.0 = Debug|Any CPU
		{A533E3D6-D54F-4141-AC04-6171DFF64E26}.Release|Any CPU.ActiveCfg = Release|Any CPU
		{A533E3D6-D54F-4141-AC04-6171DFF64E26}.Release|Any CPU.Build.0 = Release|Any CPU
		{2B716300-F8DB-4726-AC39-F45D15FB7A9D}.Debug|Any CPU.ActiveCfg = Debug|Any CPU
		{2B716300-F8DB-4726-AC39-F45D15FB7A9D}.Debug|Any CPU.Build.0 = Debug|Any CPU
		{2B716300-F8DB-4726-AC39-F45D15FB7A9D}.Release|Any CPU.ActiveCfg = Release|Any CPU
		{2B716300-F8DB-4726-AC39-F45D15FB7A9D}.Release|Any CPU.Build.0 = Release|Any CPU
		{133DE7B4-457D-46B4-94ED-3CA0379644AE}.Debug|Any CPU.ActiveCfg = Debug|Any CPU
		{133DE7B4-457D-46B4-94ED-3CA0379644AE}.Debug|Any CPU.Build.0 = Debug|Any CPU
		{133DE7B4-457D-46B4-94ED-3CA0379644AE}.Release|Any CPU.ActiveCfg = Release|Any CPU
		{133DE7B4-457D-46B4-94ED-3CA0379644AE}.Release|Any CPU.Build.0 = Release|Any CPU
		{275D91AA-E195-4B8E-A089-04248D7AB1C7}.Debug|Any CPU.ActiveCfg = Debug|Any CPU
		{275D91AA-E195-4B8E-A089-04248D7AB1C7}.Debug|Any CPU.Build.0 = Debug|Any CPU
		{275D91AA-E195-4B8E-A089-04248D7AB1C7}.Release|Any CPU.ActiveCfg = Release|Any CPU
		{275D91AA-E195-4B8E-A089-04248D7AB1C7}.Release|Any CPU.Build.0 = Release|Any CPU
		{7EEE28DF-E7D1-473D-AE8A-ACFF774AC741}.Debug|Any CPU.ActiveCfg = Debug|Any CPU
		{7EEE28DF-E7D1-473D-AE8A-ACFF774AC741}.Debug|Any CPU.Build.0 = Debug|Any CPU
		{7EEE28DF-E7D1-473D-AE8A-ACFF774AC741}.Release|Any CPU.ActiveCfg = Release|Any CPU
		{7EEE28DF-E7D1-473D-AE8A-ACFF774AC741}.Release|Any CPU.Build.0 = Release|Any CPU
		{C7624908-0861-428D-AA0D-3468D8CA4AC8}.Debug|Any CPU.ActiveCfg = Debug|Any CPU
		{C7624908-0861-428D-AA0D-3468D8CA4AC8}.Debug|Any CPU.Build.0 = Debug|Any CPU
		{C7624908-0861-428D-AA0D-3468D8CA4AC8}.Release|Any CPU.ActiveCfg = Release|Any CPU
		{C7624908-0861-428D-AA0D-3468D8CA4AC8}.Release|Any CPU.Build.0 = Release|Any CPU
		{F16A9C9B-F001-4D1B-9623-B192EFFC7D0D}.Debug|Any CPU.ActiveCfg = Debug|Any CPU
		{F16A9C9B-F001-4D1B-9623-B192EFFC7D0D}.Debug|Any CPU.Build.0 = Debug|Any CPU
		{F16A9C9B-F001-4D1B-9623-B192EFFC7D0D}.Release|Any CPU.ActiveCfg = Release|Any CPU
		{F16A9C9B-F001-4D1B-9623-B192EFFC7D0D}.Release|Any CPU.Build.0 = Release|Any CPU
		{D546C37C-3E0F-421D-B685-E39DF8019958}.Debug|Any CPU.ActiveCfg = Debug|Any CPU
		{D546C37C-3E0F-421D-B685-E39DF8019958}.Debug|Any CPU.Build.0 = Debug|Any CPU
		{D546C37C-3E0F-421D-B685-E39DF8019958}.Release|Any CPU.ActiveCfg = Release|Any CPU
		{D546C37C-3E0F-421D-B685-E39DF8019958}.Release|Any CPU.Build.0 = Release|Any CPU
		{AF439F8A-ABA1-4B65-BCE0-C076CA4D75E4}.Debug|Any CPU.ActiveCfg = Debug|Any CPU
		{AF439F8A-ABA1-4B65-BCE0-C076CA4D75E4}.Debug|Any CPU.Build.0 = Debug|Any CPU
		{AF439F8A-ABA1-4B65-BCE0-C076CA4D75E4}.Release|Any CPU.ActiveCfg = Release|Any CPU
		{AF439F8A-ABA1-4B65-BCE0-C076CA4D75E4}.Release|Any CPU.Build.0 = Release|Any CPU
		{B4FC672D-AB1D-4C5D-A00B-CD2871892E70}.Debug|Any CPU.ActiveCfg = Debug|Any CPU
		{B4FC672D-AB1D-4C5D-A00B-CD2871892E70}.Debug|Any CPU.Build.0 = Debug|Any CPU
		{B4FC672D-AB1D-4C5D-A00B-CD2871892E70}.Release|Any CPU.ActiveCfg = Release|Any CPU
		{B4FC672D-AB1D-4C5D-A00B-CD2871892E70}.Release|Any CPU.Build.0 = Release|Any CPU
		{C6D6ED7A-FE7B-482E-82B5-C7B2304314C3}.Debug|Any CPU.ActiveCfg = Release|Any CPU
		{C6D6ED7A-FE7B-482E-82B5-C7B2304314C3}.Debug|Any CPU.Build.0 = Release|Any CPU
		{C6D6ED7A-FE7B-482E-82B5-C7B2304314C3}.Release|Any CPU.ActiveCfg = Release|Any CPU
		{C6D6ED7A-FE7B-482E-82B5-C7B2304314C3}.Release|Any CPU.Build.0 = Release|Any CPU
		{5DFF7494-4549-4556-ABDF-1CDD1E999272}.Debug|Any CPU.ActiveCfg = Debug|Any CPU
		{5DFF7494-4549-4556-ABDF-1CDD1E999272}.Debug|Any CPU.Build.0 = Debug|Any CPU
		{5DFF7494-4549-4556-ABDF-1CDD1E999272}.Release|Any CPU.ActiveCfg = Release|Any CPU
		{5DFF7494-4549-4556-ABDF-1CDD1E999272}.Release|Any CPU.Build.0 = Release|Any CPU
		{809DF905-2A3A-4E26-B7F9-055F9DE3BA88}.Debug|Any CPU.ActiveCfg = Debug|Any CPU
		{809DF905-2A3A-4E26-B7F9-055F9DE3BA88}.Debug|Any CPU.Build.0 = Debug|Any CPU
		{809DF905-2A3A-4E26-B7F9-055F9DE3BA88}.Release|Any CPU.ActiveCfg = Release|Any CPU
		{809DF905-2A3A-4E26-B7F9-055F9DE3BA88}.Release|Any CPU.Build.0 = Release|Any CPU
	EndGlobalSection
	GlobalSection(SolutionProperties) = preSolution
		HideSolutionNode = FALSE
	EndGlobalSection
	GlobalSection(NestedProjects) = preSolution
		{C0AE959D-26D7-4D39-A0EA-F5EAA792D1D4} = {830790DE-7820-4F6D-AA2F-7B4A806208C7}
		{F6E2082C-EB59-4FE6-85BB-CA618B85314E} = {830790DE-7820-4F6D-AA2F-7B4A806208C7}
		{C5DC4EE3-67F4-409C-90AF-7EEBE44F74F8} = {830790DE-7820-4F6D-AA2F-7B4A806208C7}
		{5EAB8029-112A-4A3D-86DB-60E48E1F6F37} = {830790DE-7820-4F6D-AA2F-7B4A806208C7}
		{C1D08DA3-6F81-47DF-A5F2-C56020D5F5CF} = {830790DE-7820-4F6D-AA2F-7B4A806208C7}
		{A533E3D6-D54F-4141-AC04-6171DFF64E26} = {830790DE-7820-4F6D-AA2F-7B4A806208C7}
		{2B716300-F8DB-4726-AC39-F45D15FB7A9D} = {830790DE-7820-4F6D-AA2F-7B4A806208C7}
		{133DE7B4-457D-46B4-94ED-3CA0379644AE} = {830790DE-7820-4F6D-AA2F-7B4A806208C7}
		{275D91AA-E195-4B8E-A089-04248D7AB1C7} = {830790DE-7820-4F6D-AA2F-7B4A806208C7}
		{7EEE28DF-E7D1-473D-AE8A-ACFF774AC741} = {EF29EEC5-D819-476E-9567-E59F853E663A}
		{C7624908-0861-428D-AA0D-3468D8CA4AC8} = {EF29EEC5-D819-476E-9567-E59F853E663A}
		{F16A9C9B-F001-4D1B-9623-B192EFFC7D0D} = {EF29EEC5-D819-476E-9567-E59F853E663A}
		{D546C37C-3E0F-421D-B685-E39DF8019958} = {EF29EEC5-D819-476E-9567-E59F853E663A}
		{AF439F8A-ABA1-4B65-BCE0-C076CA4D75E4} = {19968077-9CC9-4808-91C8-7D7FBBAF05FD}
		{B4FC672D-AB1D-4C5D-A00B-CD2871892E70} = {19968077-9CC9-4808-91C8-7D7FBBAF05FD}
		{C6D6ED7A-FE7B-482E-82B5-C7B2304314C3} = {830790DE-7820-4F6D-AA2F-7B4A806208C7}
		{5DFF7494-4549-4556-ABDF-1CDD1E999272} = {830790DE-7820-4F6D-AA2F-7B4A806208C7}
		{809DF905-2A3A-4E26-B7F9-055F9DE3BA88} = {830790DE-7820-4F6D-AA2F-7B4A806208C7}
	EndGlobalSection
	GlobalSection(ExtensibilityGlobals) = postSolution
		SolutionGuid = {D08ED581-D4C9-4587-AC63-F892EDCD361A}
	EndGlobalSection
EndGlobal
